
Microsoft Visual Studio Solution File, Format Version 12.00
# Visual Studio 15
VisualStudioVersion = 15.0.28307.779
MinimumVisualStudioVersion = 10.0.40219.1
Project("{FAE04EC0-301F-11D3-BF4B-00C04F79EFBC}") = "02112019", "02112019\02112019.csproj", "{5990C1DA-A234-4D8F-A081-5BAF72D32502}"
EndProject
Global
	GlobalSection(SolutionConfigurationPlatforms) = preSolution
		Debug|Any CPU = Debug|Any CPU
		Release|Any CPU = Release|Any CPU
	EndGlobalSection
	GlobalSection(ProjectConfigurationPlatforms) = postSolution
		{5990C1DA-A234-4D8F-A081-5BAF72D32502}.Debug|Any CPU.ActiveCfg = Debug|Any CPU
		{5990C1DA-A234-4D8F-A081-5BAF72D32502}.Debug|Any CPU.Build.0 = Debug|Any CPU
		{5990C1DA-A234-4D8F-A081-5BAF72D32502}.Debug|Any CPU.Deploy.0 = Debug|Any CPU
		{5990C1DA-A234-4D8F-A081-5BAF72D32502}.Release|Any CPU.ActiveCfg = Release|Any CPU
		{5990C1DA-A234-4D8F-A081-5BAF72D32502}.Release|Any CPU.Build.0 = Release|Any CPU
		{5990C1DA-A234-4D8F-A081-5BAF72D32502}.Release|Any CPU.Deploy.0 = Release|Any CPU
	EndGlobalSection
	GlobalSection(SolutionProperties) = preSolution
		HideSolutionNode = FALSE
	EndGlobalSection
	GlobalSection(ExtensibilityGlobals) = postSolution
		SolutionGuid = {18DCD292-8075-423A-B6E3-3DB5C812C726}
	EndGlobalSection
EndGlobal
